
Microsoft Visual Studio Solution File, Format Version 12.00
# Visual Studio Version 17
VisualStudioVersion = 17.0.32112.339
MinimumVisualStudioVersion = 10.0.40219.1
Project("{FAE04EC0-301F-11D3-BF4B-00C04F79EFBC}") = "Dawaly", "Dawaly\Dawaly.csproj", "{DF0B6EBE-93F1-4CA3-9787-BF2318C39651}"
EndProject
Global
	GlobalSection(SolutionConfigurationPlatforms) = preSolution
		Debug|Any CPU = Debug|Any CPU
		Release|Any CPU = Release|Any CPU
	EndGlobalSection
	GlobalSection(ProjectConfigurationPlatforms) = postSolution
		{DF0B6EBE-93F1-4CA3-9787-BF2318C39651}.Debug|Any CPU.ActiveCfg = Debug|Any CPU
		{DF0B6EBE-93F1-4CA3-9787-BF2318C39651}.Debug|Any CPU.Build.0 = Debug|Any CPU
		{DF0B6EBE-93F1-4CA3-9787-BF2318C39651}.Release|Any CPU.ActiveCfg = Release|Any CPU
		{DF0B6EBE-93F1-4CA3-9787-BF2318C39651}.Release|Any CPU.Build.0 = Release|Any CPU
	EndGlobalSection
	GlobalSection(SolutionProperties) = preSolution
		HideSolutionNode = FALSE
	EndGlobalSection
	GlobalSection(ExtensibilityGlobals) = postSolution
		SolutionGuid = {10ACAB16-4714-4E0E-82D1-26F0A6E16F77}
	EndGlobalSection
EndGlobal
